
Microsoft Visual Studio Solution File, Format Version 12.00
# Visual Studio Version 17
VisualStudioVersion = 17.8.34309.116
MinimumVisualStudioVersion = 10.0.40219.1
Project("{FAE04EC0-301F-11D3-BF4B-00C04F79EFBC}") = "ElevatorSimulator", "ElevatorSimulator.csproj", "{ECC7A349-5979-4FD7-BCFC-3A6F47D70B0E}"
EndProject
Global
	GlobalSection(SolutionConfigurationPlatforms) = preSolution
		Debug|Any CPU = Debug|Any CPU
		Release|Any CPU = Release|Any CPU
	EndGlobalSection
	GlobalSection(ProjectConfigurationPlatforms) = postSolution
		{ECC7A349-5979-4FD7-BCFC-3A6F47D70B0E}.Debug|Any CPU.ActiveCfg = Debug|Any CPU
		{ECC7A349-5979-4FD7-BCFC-3A6F47D70B0E}.Debug|Any CPU.Build.0 = Debug|Any CPU
		{ECC7A349-5979-4FD7-BCFC-3A6F47D70B0E}.Release|Any CPU.ActiveCfg = Release|Any CPU
		{ECC7A349-5979-4FD7-BCFC-3A6F47D70B0E}.Release|Any CPU.Build.0 = Release|Any CPU
	EndGlobalSection
	GlobalSection(SolutionProperties) = preSolution
		HideSolutionNode = FALSE
	EndGlobalSection
	GlobalSection(ExtensibilityGlobals) = postSolution
		SolutionGuid = {967748F9-C5BB-42CC-AE9C-04C4E2578E2E}
	EndGlobalSection
EndGlobal
